
Microsoft Visual Studio Solution File, Format Version 12.00
# Visual Studio 14
VisualStudioVersion = 14.0.25420.1
MinimumVisualStudioVersion = 10.0.40219.1
Project("{FAE04EC0-301F-11D3-BF4B-00C04F79EFBC}") = "001 Random", "aCrypt1\001 Random.csproj", "{68B9851B-C98E-4B01-861B-6E2CCA439C1D}"
EndProject
Project("{FAE04EC0-301F-11D3-BF4B-00C04F79EFBC}") = "002 LehmerLow", "2LehmerLow\002 LehmerLow.csproj", "{62C87109-A7F2-4690-AC69-6705A452FC73}"
EndProject
Project("{FAE04EC0-301F-11D3-BF4B-00C04F79EFBC}") = "003 LehmerHigh", "003 LehmerHigh\003 LehmerHigh.csproj", "{19024DE9-177C-4A9D-94A4-75E179A8B5C8}"
EndProject
Project("{FAE04EC0-301F-11D3-BF4B-00C04F79EFBC}") = "004 L20", "L20\004 L20.csproj", "{2FC5A2B8-097E-419D-A78B-A249FC6780DB}"
EndProject
Project("{FAE04EC0-301F-11D3-BF4B-00C04F79EFBC}") = "005 L89", "005 L89\005 L89.csproj", "{B7672FB9-B269-4C49-B45A-F4677154B682}"
EndProject
Project("{FAE04EC0-301F-11D3-BF4B-00C04F79EFBC}") = "006 Geffe", "006 Geffe\006 Geffe.csproj", "{B40DB73B-271A-4CA0-B71C-09816817BE0E}"
EndProject
Project("{FAE04EC0-301F-11D3-BF4B-00C04F79EFBC}") = "007 Wolfram", "007 Wolfram\007 Wolfram.csproj", "{7E64EAED-01A7-499F-9B20-D0F02ECC8555}"
EndProject
Project("{FAE04EC0-301F-11D3-BF4B-00C04F79EFBC}") = "008 Librarian", "008 Librarian\008 Librarian.csproj", "{791D24E8-C1FC-4F5A-BEFD-4935E880D5BD}"
EndProject
Project("{FAE04EC0-301F-11D3-BF4B-00C04F79EFBC}") = "009 BM", "009 BM\009 BM.csproj", "{9EDC6FFC-EB7C-4052-BB49-F5FA1F1A097C}"
EndProject
Project("{FAE04EC0-301F-11D3-BF4B-00C04F79EFBC}") = "010 BBS", "010 BBS\010 BBS.csproj", "{17276A15-09BA-4E1A-9A66-D10B4D4CC047}"
EndProject
Project("{FAE04EC0-301F-11D3-BF4B-00C04F79EFBC}") = "Test1", "Test1\Test1.csproj", "{9030AEB3-885E-42DD-8D46-E7940F37BD90}"
EndProject
Global
	GlobalSection(SolutionConfigurationPlatforms) = preSolution
		Debug|Any CPU = Debug|Any CPU
		Release|Any CPU = Release|Any CPU
	EndGlobalSection
	GlobalSection(ProjectConfigurationPlatforms) = postSolution
		{68B9851B-C98E-4B01-861B-6E2CCA439C1D}.Debug|Any CPU.ActiveCfg = Debug|Any CPU
		{68B9851B-C98E-4B01-861B-6E2CCA439C1D}.Debug|Any CPU.Build.0 = Debug|Any CPU
		{68B9851B-C98E-4B01-861B-6E2CCA439C1D}.Release|Any CPU.ActiveCfg = Release|Any CPU
		{68B9851B-C98E-4B01-861B-6E2CCA439C1D}.Release|Any CPU.Build.0 = Release|Any CPU
		{62C87109-A7F2-4690-AC69-6705A452FC73}.Debug|Any CPU.ActiveCfg = Debug|Any CPU
		{62C87109-A7F2-4690-AC69-6705A452FC73}.Debug|Any CPU.Build.0 = Debug|Any CPU
		{62C87109-A7F2-4690-AC69-6705A452FC73}.Release|Any CPU.ActiveCfg = Release|Any CPU
		{62C87109-A7F2-4690-AC69-6705A452FC73}.Release|Any CPU.Build.0 = Release|Any CPU
		{19024DE9-177C-4A9D-94A4-75E179A8B5C8}.Debug|Any CPU.ActiveCfg = Debug|Any CPU
		{19024DE9-177C-4A9D-94A4-75E179A8B5C8}.Debug|Any CPU.Build.0 = Debug|Any CPU
		{19024DE9-177C-4A9D-94A4-75E179A8B5C8}.Release|Any CPU.ActiveCfg = Release|Any CPU
		{19024DE9-177C-4A9D-94A4-75E179A8B5C8}.Release|Any CPU.Build.0 = Release|Any CPU
		{2FC5A2B8-097E-419D-A78B-A249FC6780DB}.Debug|Any CPU.ActiveCfg = Debug|Any CPU
		{2FC5A2B8-097E-419D-A78B-A249FC6780DB}.Debug|Any CPU.Build.0 = Debug|Any CPU
		{2FC5A2B8-097E-419D-A78B-A249FC6780DB}.Release|Any CPU.ActiveCfg = Release|Any CPU
		{2FC5A2B8-097E-419D-A78B-A249FC6780DB}.Release|Any CPU.Build.0 = Release|Any CPU
		{B7672FB9-B269-4C49-B45A-F4677154B682}.Debug|Any CPU.ActiveCfg = Debug|Any CPU
		{B7672FB9-B269-4C49-B45A-F4677154B682}.Debug|Any CPU.Build.0 = Debug|Any CPU
		{B7672FB9-B269-4C49-B45A-F4677154B682}.Release|Any CPU.ActiveCfg = Release|Any CPU
		{B7672FB9-B269-4C49-B45A-F4677154B682}.Release|Any CPU.Build.0 = Release|Any CPU
		{B40DB73B-271A-4CA0-B71C-09816817BE0E}.Debug|Any CPU.ActiveCfg = Debug|Any CPU
		{B40DB73B-271A-4CA0-B71C-09816817BE0E}.Debug|Any CPU.Build.0 = Debug|Any CPU
		{B40DB73B-271A-4CA0-B71C-09816817BE0E}.Release|Any CPU.ActiveCfg = Release|Any CPU
		{B40DB73B-271A-4CA0-B71C-09816817BE0E}.Release|Any CPU.Build.0 = Release|Any CPU
		{7E64EAED-01A7-499F-9B20-D0F02ECC8555}.Debug|Any CPU.ActiveCfg = Debug|Any CPU
		{7E64EAED-01A7-499F-9B20-D0F02ECC8555}.Debug|Any CPU.Build.0 = Debug|Any CPU
		{7E64EAED-01A7-499F-9B20-D0F02ECC8555}.Release|Any CPU.ActiveCfg = Release|Any CPU
		{7E64EAED-01A7-499F-9B20-D0F02ECC8555}.Release|Any CPU.Build.0 = Release|Any CPU
		{791D24E8-C1FC-4F5A-BEFD-4935E880D5BD}.Debug|Any CPU.ActiveCfg = Debug|Any CPU
		{791D24E8-C1FC-4F5A-BEFD-4935E880D5BD}.Debug|Any CPU.Build.0 = Debug|Any CPU
		{791D24E8-C1FC-4F5A-BEFD-4935E880D5BD}.Release|Any CPU.ActiveCfg = Release|Any CPU
		{791D24E8-C1FC-4F5A-BEFD-4935E880D5BD}.Release|Any CPU.Build.0 = Release|Any CPU
		{9EDC6FFC-EB7C-4052-BB49-F5FA1F1A097C}.Debug|Any CPU.ActiveCfg = Debug|Any CPU
		{9EDC6FFC-EB7C-4052-BB49-F5FA1F1A097C}.Debug|Any CPU.Build.0 = Debug|Any CPU
		{9EDC6FFC-EB7C-4052-BB49-F5FA1F1A097C}.Release|Any CPU.ActiveCfg = Release|Any CPU
		{9EDC6FFC-EB7C-4052-BB49-F5FA1F1A097C}.Release|Any CPU.Build.0 = Release|Any CPU
		{17276A15-09BA-4E1A-9A66-D10B4D4CC047}.Debug|Any CPU.ActiveCfg = Debug|Any CPU
		{17276A15-09BA-4E1A-9A66-D10B4D4CC047}.Debug|Any CPU.Build.0 = Debug|Any CPU
		{17276A15-09BA-4E1A-9A66-D10B4D4CC047}.Release|Any CPU.ActiveCfg = Release|Any CPU
		{17276A15-09BA-4E1A-9A66-D10B4D4CC047}.Release|Any CPU.Build.0 = Release|Any CPU
		{9030AEB3-885E-42DD-8D46-E7940F37BD90}.Debug|Any CPU.ActiveCfg = Debug|Any CPU
		{9030AEB3-885E-42DD-8D46-E7940F37BD90}.Debug|Any CPU.Build.0 = Debug|Any CPU
		{9030AEB3-885E-42DD-8D46-E7940F37BD90}.Release|Any CPU.ActiveCfg = Release|Any CPU
		{9030AEB3-885E-42DD-8D46-E7940F37BD90}.Release|Any CPU.Build.0 = Release|Any CPU
	EndGlobalSection
	GlobalSection(SolutionProperties) = preSolution
		HideSolutionNode = FALSE
	EndGlobalSection
EndGlobal
